
Microsoft Visual Studio Solution File, Format Version 12.00
# Visual Studio 15
VisualStudioVersion = 15.0.28307.1169
MinimumVisualStudioVersion = 10.0.40219.1
Project("{FAE04EC0-301F-11D3-BF4B-00C04F79EFBC}") = "value-sample-api", "value-sample-api\value-sample-api.csproj", "{946031AE-FA63-48E5-9E05-0CCA591D6148}"
EndProject
Global
	GlobalSection(SolutionConfigurationPlatforms) = preSolution
		Debug|Any CPU = Debug|Any CPU
		Release|Any CPU = Release|Any CPU
	EndGlobalSection
	GlobalSection(ProjectConfigurationPlatforms) = postSolution
		{946031AE-FA63-48E5-9E05-0CCA591D6148}.Debug|Any CPU.ActiveCfg = Debug|Any CPU
		{946031AE-FA63-48E5-9E05-0CCA591D6148}.Debug|Any CPU.Build.0 = Debug|Any CPU
		{946031AE-FA63-48E5-9E05-0CCA591D6148}.Release|Any CPU.ActiveCfg = Release|Any CPU
		{946031AE-FA63-48E5-9E05-0CCA591D6148}.Release|Any CPU.Build.0 = Release|Any CPU
	EndGlobalSection
	GlobalSection(SolutionProperties) = preSolution
		HideSolutionNode = FALSE
	EndGlobalSection
	GlobalSection(ExtensibilityGlobals) = postSolution
		SolutionGuid = {7CB3D72E-3602-4A62-AFB6-108B54961B8F}
	EndGlobalSection
EndGlobal
